// !$*UTF8*$!
{
	archiveVersion = 1;
	classes = {
	};
	objectVersion = 46;
	objects = {

/* Begin PBXBuildFile section */
		2E09FAFC1B252FB700500DBB /* Main.storyboard in Resources */ = {isa = PBXBuildFile; fileRef = 2E09FAFB1B252FB700500DBB /* Main.storyboard */; };
		2E09FAFD1B252FB700500DBB /* Main.storyboard in Resources */ = {isa = PBXBuildFile; fileRef = 2E09FAFB1B252FB700500DBB /* Main.storyboard */; };
		2E478D9F1B1BADF100424C66 /* main.m in Sources */ = {isa = PBXBuildFile; fileRef = 2E478D9E1B1BADF100424C66 /* main.m */; };
		2E478DA21B1BADF100424C66 /* AppDelegate.m in Sources */ = {isa = PBXBuildFile; fileRef = 2E478DA11B1BADF100424C66 /* AppDelegate.m */; };
		2E478DA51B1BADF100424C66 /* ViewController.mm in Sources */ = {isa = PBXBuildFile; fileRef = 2E478DA41B1BADF100424C66 /* ViewController.mm */; };
		2E478DAA1B1BADF100424C66 /* Images.xcassets in Resources */ = {isa = PBXBuildFile; fileRef = 2E478DA91B1BADF100424C66 /* Images.xcassets */; };
		2E478DAD1B1BADF100424C66 /* LaunchScreen.xib in Resources */ = {isa = PBXBuildFile; fileRef = 2E478DAB1B1BADF100424C66 /* LaunchScreen.xib */; };
		2E478DB91B1BADF100424C66 /* test_for_lolsTests.m in Sources */ = {isa = PBXBuildFile; fileRef = 2E478DB81B1BADF100424C66 /* test_for_lolsTests.m */; };
		2E478DCE1B1D91BA00424C66 /* libmoshnetwork.a in Frameworks */ = {isa = PBXBuildFile; fileRef = 2E478DCD1B1D91BA00424C66 /* libmoshnetwork.a */; };
		2E478DD21B1D926500424C66 /* libmoshstatesync.a in Frameworks */ = {isa = PBXBuildFile; fileRef = 2E478DD11B1D926500424C66 /* libmoshstatesync.a */; };
		2EDF7E911B24F56F00690E14 /* libprotobuf-lite.a in Frameworks */ = {isa = PBXBuildFile; fileRef = 2EDF7E8B1B24F56F00690E14 /* libprotobuf-lite.a */; };
		2EDF7E931B24F56F00690E14 /* libprotobuf.a in Frameworks */ = {isa = PBXBuildFile; fileRef = 2EDF7E8D1B24F56F00690E14 /* libprotobuf.a */; };
		2EDF7E951B24F56F00690E14 /* libprotoc.a in Frameworks */ = {isa = PBXBuildFile; fileRef = 2EDF7E8F1B24F56F00690E14 /* libprotoc.a */; };
		2EDF7E981B24FA1E00690E14 /* libmoshprotos.a in Frameworks */ = {isa = PBXBuildFile; fileRef = 2EDF7E971B24FA1E00690E14 /* libmoshprotos.a */; };
		AA1D815C752B946672931747 /* libPods-test_for_lols.a in Frameworks */ = {isa = PBXBuildFile; fileRef = D580E9986C6675FC752604C6 /* libPods-test_for_lols.a */; };
/* End PBXBuildFile section */

/* Begin PBXBuildRule section */
		2E478DD51B1ED93500424C66 /* PBXBuildRule */ = {
			isa = PBXBuildRule;
			compilerSpec = com.apple.compilers.proxy.script;
			fileType = pattern.proxy;
			isEditable = 1;
			outputFiles = (
				"$(DERIVED_FILE_DIR)/$(INPUT_FILE_BASE).pb.h",
				"$(DERIVED_FILE_DIR)/$(INPUT_FILE_BASE).pb.cc",
			);
			script = "cd ${INPUT_FILE_DIR}\n${SRCROOT}/build-protobuf/protobuf-2.6.0/bin/protoc --proto_path=${INPUT_FILE_DIR} ${INPUT_FILE_PATH} --cpp_out=${DERIVED_FILE_DIR}";
		};
/* End PBXBuildRule section */

/* Begin PBXContainerItemProxy section */
		2E478DB31B1BADF100424C66 /* PBXContainerItemProxy */ = {
			isa = PBXContainerItemProxy;
			containerPortal = 2E478D911B1BADF100424C66 /* Project object */;
			proxyType = 1;
			remoteGlobalIDString = 2E478D981B1BADF100424C66;
			remoteInfo = test_for_lols;
		};
/* End PBXContainerItemProxy section */

/* Begin PBXFileReference section */
		112FA5D7A7E947659795CE82 /* Pods-test_for_lols.debug.xcconfig */ = {isa = PBXFileReference; includeInIndex = 1; lastKnownFileType = text.xcconfig; name = "Pods-test_for_lols.debug.xcconfig"; path = "Pods/Target Support Files/Pods-test_for_lols/Pods-test_for_lols.debug.xcconfig"; sourceTree = "<group>"; };
		2E09FAFB1B252FB700500DBB /* Main.storyboard */ = {isa = PBXFileReference; fileEncoding = 4; lastKnownFileType = file.storyboard; path = Main.storyboard; sourceTree = "<group>"; };
		2E478D991B1BADF100424C66 /* test_for_lols.app */ = {isa = PBXFileReference; explicitFileType = wrapper.application; includeInIndex = 0; path = test_for_lols.app; sourceTree = BUILT_PRODUCTS_DIR; };
		2E478D9D1B1BADF100424C66 /* Info.plist */ = {isa = PBXFileReference; lastKnownFileType = text.plist.xml; path = Info.plist; sourceTree = "<group>"; };
		2E478D9E1B1BADF100424C66 /* main.m */ = {isa = PBXFileReference; lastKnownFileType = sourcecode.c.objc; path = main.m; sourceTree = "<group>"; };
		2E478DA01B1BADF100424C66 /* AppDelegate.h */ = {isa = PBXFileReference; lastKnownFileType = sourcecode.c.h; path = AppDelegate.h; sourceTree = "<group>"; };
		2E478DA11B1BADF100424C66 /* AppDelegate.m */ = {isa = PBXFileReference; lastKnownFileType = sourcecode.c.objc; path = AppDelegate.m; sourceTree = "<group>"; };
		2E478DA31B1BADF100424C66 /* ViewController.h */ = {isa = PBXFileReference; lastKnownFileType = sourcecode.c.h; path = ViewController.h; sourceTree = "<group>"; };
		2E478DA41B1BADF100424C66 /* ViewController.mm */ = {isa = PBXFileReference; lastKnownFileType = sourcecode.cpp.objcpp; path = ViewController.mm; sourceTree = "<group>"; };
		2E478DA91B1BADF100424C66 /* Images.xcassets */ = {isa = PBXFileReference; lastKnownFileType = folder.assetcatalog; path = Images.xcassets; sourceTree = "<group>"; };
		2E478DAC1B1BADF100424C66 /* Base */ = {isa = PBXFileReference; lastKnownFileType = file.xib; name = Base; path = Base.lproj/LaunchScreen.xib; sourceTree = "<group>"; };
		2E478DB21B1BADF100424C66 /* test_for_lolsTests.xctest */ = {isa = PBXFileReference; explicitFileType = wrapper.cfbundle; includeInIndex = 0; path = test_for_lolsTests.xctest; sourceTree = BUILT_PRODUCTS_DIR; };
		2E478DB71B1BADF100424C66 /* Info.plist */ = {isa = PBXFileReference; lastKnownFileType = text.plist.xml; path = Info.plist; sourceTree = "<group>"; };
		2E478DB81B1BADF100424C66 /* test_for_lolsTests.m */ = {isa = PBXFileReference; lastKnownFileType = sourcecode.c.objc; path = test_for_lolsTests.m; sourceTree = "<group>"; };
		2E478DCD1B1D91BA00424C66 /* libmoshnetwork.a */ = {isa = PBXFileReference; lastKnownFileType = archive.ar; name = libmoshnetwork.a; path = ../../mosh/src/network/libmoshnetwork.a; sourceTree = "<group>"; };
		2E478DD11B1D926500424C66 /* libmoshstatesync.a */ = {isa = PBXFileReference; lastKnownFileType = archive.ar; name = libmoshstatesync.a; path = ../../mosh/src/statesync/libmoshstatesync.a; sourceTree = "<group>"; };
		2E478DD31B1ED74C00424C66 /* libprotobuf.dylib */ = {isa = PBXFileReference; lastKnownFileType = "compiled.mach-o.dylib"; name = libprotobuf.dylib; path = usr/lib/libprotobuf.dylib; sourceTree = SDKROOT; };
		2E478DD61B1EDD6500424C66 /* libprotobuf.a */ = {isa = PBXFileReference; lastKnownFileType = archive.ar; name = libprotobuf.a; path = "../../build-protobuf/protobuf/lib/libprotobuf.a"; sourceTree = "<group>"; };
		2E478DD81B1EDD7C00424C66 /* libprotobuf-lite.la */ = {isa = PBXFileReference; lastKnownFileType = text; name = "libprotobuf-lite.la"; path = "../../build-protobuf/protobuf/lib/libprotobuf-lite.la"; sourceTree = "<group>"; };
		2E478DDA1B1EDD9900424C66 /* libprotobuf-lite.a */ = {isa = PBXFileReference; lastKnownFileType = archive.ar; name = "libprotobuf-lite.a"; path = "../../build-protobuf/protobuf/lib/libprotobuf-lite.a"; sourceTree = "<group>"; };
		2E478DDB1B1EDD9900424C66 /* libprotobuf.la */ = {isa = PBXFileReference; lastKnownFileType = text; name = libprotobuf.la; path = "../../build-protobuf/protobuf/lib/libprotobuf.la"; sourceTree = "<group>"; };
		2E478DDC1B1EDD9900424C66 /* libprotoc.a */ = {isa = PBXFileReference; lastKnownFileType = archive.ar; name = libprotoc.a; path = "../../build-protobuf/protobuf/lib/libprotoc.a"; sourceTree = "<group>"; };
		2E478DDD1B1EDD9900424C66 /* libprotoc.la */ = {isa = PBXFileReference; lastKnownFileType = text; name = libprotoc.la; path = "../../build-protobuf/protobuf/lib/libprotoc.la"; sourceTree = "<group>"; };
		2E478DE21B1EDE5C00424C66 /* protobuf */ = {isa = PBXFileReference; lastKnownFileType = folder; name = protobuf; path = "../../build-protobuf/protobuf/include/google/protobuf"; sourceTree = "<group>"; };
		2E478DE41B1EE52B00424C66 /* libprotobuf-lite.a */ = {isa = PBXFileReference; lastKnownFileType = archive.ar; name = "libprotobuf-lite.a"; path = "../../build-protobuf/protobuf-2.6.0/lib/libprotobuf-lite.a"; sourceTree = "<group>"; };
		2E478DE51B1EE52B00424C66 /* libprotobuf-lite.la */ = {isa = PBXFileReference; lastKnownFileType = text; name = "libprotobuf-lite.la"; path = "../../build-protobuf/protobuf-2.6.0/lib/libprotobuf-lite.la"; sourceTree = "<group>"; };
		2E478DE61B1EE52B00424C66 /* libprotobuf.a */ = {isa = PBXFileReference; lastKnownFileType = archive.ar; name = libprotobuf.a; path = "../../build-protobuf/protobuf-2.6.0/lib/libprotobuf.a"; sourceTree = "<group>"; };
		2E478DE71B1EE52B00424C66 /* libprotobuf.la */ = {isa = PBXFileReference; lastKnownFileType = text; name = libprotobuf.la; path = "../../build-protobuf/protobuf-2.6.0/lib/libprotobuf.la"; sourceTree = "<group>"; };
		2E478DE81B1EE52B00424C66 /* libprotoc.a */ = {isa = PBXFileReference; lastKnownFileType = archive.ar; name = libprotoc.a; path = "../../build-protobuf/protobuf-2.6.0/lib/libprotoc.a"; sourceTree = "<group>"; };
		2E478DE91B1EE52B00424C66 /* libprotoc.la */ = {isa = PBXFileReference; lastKnownFileType = text; name = libprotoc.la; path = "../../build-protobuf/protobuf-2.6.0/lib/libprotoc.la"; sourceTree = "<group>"; };
		2EDF7E8B1B24F56F00690E14 /* libprotobuf-lite.a */ = {isa = PBXFileReference; lastKnownFileType = archive.ar; name = "libprotobuf-lite.a"; path = "build-protobuf/protobuf-2.6.0/lib/libprotobuf-lite.a"; sourceTree = "<group>"; };
		2EDF7E8C1B24F56F00690E14 /* libprotobuf-lite.la */ = {isa = PBXFileReference; lastKnownFileType = text; name = "libprotobuf-lite.la"; path = "build-protobuf/protobuf-2.6.0/lib/libprotobuf-lite.la"; sourceTree = "<group>"; };
		2EDF7E8D1B24F56F00690E14 /* libprotobuf.a */ = {isa = PBXFileReference; lastKnownFileType = archive.ar; name = libprotobuf.a; path = "build-protobuf/protobuf-2.6.0/lib/libprotobuf.a"; sourceTree = "<group>"; };
		2EDF7E8E1B24F56F00690E14 /* libprotobuf.la */ = {isa = PBXFileReference; lastKnownFileType = text; name = libprotobuf.la; path = "build-protobuf/protobuf-2.6.0/lib/libprotobuf.la"; sourceTree = "<group>"; };
		2EDF7E8F1B24F56F00690E14 /* libprotoc.a */ = {isa = PBXFileReference; lastKnownFileType = archive.ar; name = libprotoc.a; path = "build-protobuf/protobuf-2.6.0/lib/libprotoc.a"; sourceTree = "<group>"; };
		2EDF7E901B24F56F00690E14 /* libprotoc.la */ = {isa = PBXFileReference; lastKnownFileType = text; name = libprotoc.la; path = "build-protobuf/protobuf-2.6.0/lib/libprotoc.la"; sourceTree = "<group>"; };
		2EDF7E971B24FA1E00690E14 /* libmoshprotos.a */ = {isa = PBXFileReference; lastKnownFileType = archive.ar; name = libmoshprotos.a; path = ../../mosh/src/protobufs/libmoshprotos.a; sourceTree = "<group>"; };
		4C9C8B28AA0DEA7E7B96F442 /* Pods-test_for_lols.release.xcconfig */ = {isa = PBXFileReference; includeInIndex = 1; lastKnownFileType = text.xcconfig; name = "Pods-test_for_lols.release.xcconfig"; path = "Pods/Target Support Files/Pods-test_for_lols/Pods-test_for_lols.release.xcconfig"; sourceTree = "<group>"; };
		D580E9986C6675FC752604C6 /* libPods-test_for_lols.a */ = {isa = PBXFileReference; explicitFileType = archive.ar; includeInIndex = 0; path = "libPods-test_for_lols.a"; sourceTree = BUILT_PRODUCTS_DIR; };
/* End PBXFileReference section */

/* Begin PBXFrameworksBuildPhase section */
		2E478DAF1B1BADF100424C66 /* Frameworks */ = {
			isa = PBXFrameworksBuildPhase;
			buildActionMask = 2147483647;
			files = (
			);
			runOnlyForDeploymentPostprocessing = 0;
		};
		2E478DC41B1BF14300424C66 /* Frameworks */ = {
			isa = PBXFrameworksBuildPhase;
			buildActionMask = 2147483647;
			files = (
				2EDF7E981B24FA1E00690E14 /* libmoshprotos.a in Frameworks */,
				2EDF7E911B24F56F00690E14 /* libprotobuf-lite.a in Frameworks */,
				2EDF7E931B24F56F00690E14 /* libprotobuf.a in Frameworks */,
				2EDF7E951B24F56F00690E14 /* libprotoc.a in Frameworks */,
				2E478DD21B1D926500424C66 /* libmoshstatesync.a in Frameworks */,
				2E478DCE1B1D91BA00424C66 /* libmoshnetwork.a in Frameworks */,
				AA1D815C752B946672931747 /* libPods-test_for_lols.a in Frameworks */,
			);
			runOnlyForDeploymentPostprocessing = 0;
		};
/* End PBXFrameworksBuildPhase section */

/* Begin PBXGroup section */
		15C11A52E9EF5070B11003BA /* Pods */ = {
			isa = PBXGroup;
			children = (
				112FA5D7A7E947659795CE82 /* Pods-test_for_lols.debug.xcconfig */,
				4C9C8B28AA0DEA7E7B96F442 /* Pods-test_for_lols.release.xcconfig */,
			);
			name = Pods;
			sourceTree = "<group>";
		};
		2E478D901B1BADF100424C66 = {
			isa = PBXGroup;
			children = (
				2E478DD11B1D926500424C66 /* libmoshstatesync.a */,
				2E478DCD1B1D91BA00424C66 /* libmoshnetwork.a */,
				2E478D9B1B1BADF100424C66 /* test_for_lols */,
				2E478DB51B1BADF100424C66 /* test_for_lolsTests */,
				2E478D9A1B1BADF100424C66 /* Products */,
				15C11A52E9EF5070B11003BA /* Pods */,
				E0FB4BC3B233970B4873EADC /* Frameworks */,
			);
			sourceTree = "<group>";
		};
		2E478D9A1B1BADF100424C66 /* Products */ = {
			isa = PBXGroup;
			children = (
				2E478D991B1BADF100424C66 /* test_for_lols.app */,
				2E478DB21B1BADF100424C66 /* test_for_lolsTests.xctest */,
			);
			name = Products;
			sourceTree = "<group>";
		};
		2E478D9B1B1BADF100424C66 /* test_for_lols */ = {
			isa = PBXGroup;
			children = (
				2E478DA01B1BADF100424C66 /* AppDelegate.h */,
				2E478DA11B1BADF100424C66 /* AppDelegate.m */,
				2E478DA31B1BADF100424C66 /* ViewController.h */,
				2E478DA41B1BADF100424C66 /* ViewController.mm */,
				2E478DA91B1BADF100424C66 /* Images.xcassets */,
				2E09FAFB1B252FB700500DBB /* Main.storyboard */,
				2E478DAB1B1BADF100424C66 /* LaunchScreen.xib */,
				2E478D9C1B1BADF100424C66 /* Supporting Files */,
			);
			path = test_for_lols;
			sourceTree = "<group>";
		};
		2E478D9C1B1BADF100424C66 /* Supporting Files */ = {
			isa = PBXGroup;
			children = (
				2E478D9D1B1BADF100424C66 /* Info.plist */,
				2E478D9E1B1BADF100424C66 /* main.m */,
			);
			name = "Supporting Files";
			sourceTree = "<group>";
		};
		2E478DB51B1BADF100424C66 /* test_for_lolsTests */ = {
			isa = PBXGroup;
			children = (
				2E478DB81B1BADF100424C66 /* test_for_lolsTests.m */,
				2E478DB61B1BADF100424C66 /* Supporting Files */,
			);
			path = test_for_lolsTests;
			sourceTree = "<group>";
		};
		2E478DB61B1BADF100424C66 /* Supporting Files */ = {
			isa = PBXGroup;
			children = (
				2E478DB71B1BADF100424C66 /* Info.plist */,
			);
			name = "Supporting Files";
			sourceTree = "<group>";
		};
		E0FB4BC3B233970B4873EADC /* Frameworks */ = {
			isa = PBXGroup;
			children = (
				2EDF7E971B24FA1E00690E14 /* libmoshprotos.a */,
				2EDF7E8B1B24F56F00690E14 /* libprotobuf-lite.a */,
				2EDF7E8C1B24F56F00690E14 /* libprotobuf-lite.la */,
				2EDF7E8D1B24F56F00690E14 /* libprotobuf.a */,
				2EDF7E8E1B24F56F00690E14 /* libprotobuf.la */,
				2EDF7E8F1B24F56F00690E14 /* libprotoc.a */,
				2EDF7E901B24F56F00690E14 /* libprotoc.la */,
				2E478DE41B1EE52B00424C66 /* libprotobuf-lite.a */,
				2E478DE51B1EE52B00424C66 /* libprotobuf-lite.la */,
				2E478DE61B1EE52B00424C66 /* libprotobuf.a */,
				2E478DE71B1EE52B00424C66 /* libprotobuf.la */,
				2E478DE81B1EE52B00424C66 /* libprotoc.a */,
				2E478DE91B1EE52B00424C66 /* libprotoc.la */,
				2E478DE21B1EDE5C00424C66 /* protobuf */,
				2E478DDA1B1EDD9900424C66 /* libprotobuf-lite.a */,
				2E478DDB1B1EDD9900424C66 /* libprotobuf.la */,
				2E478DDC1B1EDD9900424C66 /* libprotoc.a */,
				2E478DDD1B1EDD9900424C66 /* libprotoc.la */,
				2E478DD81B1EDD7C00424C66 /* libprotobuf-lite.la */,
				2E478DD61B1EDD6500424C66 /* libprotobuf.a */,
				2E478DD31B1ED74C00424C66 /* libprotobuf.dylib */,
				D580E9986C6675FC752604C6 /* libPods-test_for_lols.a */,
			);
			name = Frameworks;
			sourceTree = "<group>";
		};
/* End PBXGroup section */

/* Begin PBXNativeTarget section */
		2E478D981B1BADF100424C66 /* test_for_lols */ = {
			isa = PBXNativeTarget;
			buildConfigurationList = 2E478DBC1B1BADF100424C66 /* Build configuration list for PBXNativeTarget "test_for_lols" */;
			buildPhases = (
				25F5FADB0C59BC433C1174AE /* Check Pods Manifest.lock */,
				2E478D951B1BADF100424C66 /* Sources */,
				2E478D971B1BADF100424C66 /* Resources */,
				2E478DC41B1BF14300424C66 /* Frameworks */,
				745D8F0D256DD21CA49AED5E /* Copy Pods Resources */,
			);
			buildRules = (
				2E478DD51B1ED93500424C66 /* PBXBuildRule */,
			);
			dependencies = (
			);
			name = test_for_lols;
			productName = test_for_lols;
			productReference = 2E478D991B1BADF100424C66 /* test_for_lols.app */;
			productType = "com.apple.product-type.application";
		};
		2E478DB11B1BADF100424C66 /* test_for_lolsTests */ = {
			isa = PBXNativeTarget;
			buildConfigurationList = 2E478DBF1B1BADF100424C66 /* Build configuration list for PBXNativeTarget "test_for_lolsTests" */;
			buildPhases = (
				2E478DAE1B1BADF100424C66 /* Sources */,
				2E478DAF1B1BADF100424C66 /* Frameworks */,
				2E478DB01B1BADF100424C66 /* Resources */,
			);
			buildRules = (
			);
			dependencies = (
				2E478DB41B1BADF100424C66 /* PBXTargetDependency */,
			);
			name = test_for_lolsTests;
			productName = test_for_lolsTests;
			productReference = 2E478DB21B1BADF100424C66 /* test_for_lolsTests.xctest */;
			productType = "com.apple.product-type.bundle.unit-test";
		};
/* End PBXNativeTarget section */

/* Begin PBXProject section */
		2E478D911B1BADF100424C66 /* Project object */ = {
			isa = PBXProject;
			attributes = {
				LastUpgradeCheck = 0630;
				ORGANIZATIONNAME = "Amanda Chan";
				TargetAttributes = {
					2E478D981B1BADF100424C66 = {
						CreatedOnToolsVersion = 6.3.2;
					};
					2E478DB11B1BADF100424C66 = {
						CreatedOnToolsVersion = 6.3.2;
						TestTargetID = 2E478D981B1BADF100424C66;
					};
				};
			};
			buildConfigurationList = 2E478D941B1BADF100424C66 /* Build configuration list for PBXProject "test_for_lols" */;
			compatibilityVersion = "Xcode 3.2";
			developmentRegion = English;
			hasScannedForEncodings = 0;
			knownRegions = (
				en,
				Base,
			);
			mainGroup = 2E478D901B1BADF100424C66;
			productRefGroup = 2E478D9A1B1BADF100424C66 /* Products */;
			projectDirPath = "";
			projectRoot = "";
			targets = (
				2E478D981B1BADF100424C66 /* test_for_lols */,
				2E478DB11B1BADF100424C66 /* test_for_lolsTests */,
			);
		};
/* End PBXProject section */

/* Begin PBXResourcesBuildPhase section */
		2E478D971B1BADF100424C66 /* Resources */ = {
			isa = PBXResourcesBuildPhase;
			buildActionMask = 2147483647;
			files = (
				2E09FAFC1B252FB700500DBB /* Main.storyboard in Resources */,
				2E478DAD1B1BADF100424C66 /* LaunchScreen.xib in Resources */,
				2E478DAA1B1BADF100424C66 /* Images.xcassets in Resources */,
			);
			runOnlyForDeploymentPostprocessing = 0;
		};
		2E478DB01B1BADF100424C66 /* Resources */ = {
			isa = PBXResourcesBuildPhase;
			buildActionMask = 2147483647;
			files = (
				2E09FAFD1B252FB700500DBB /* Main.storyboard in Resources */,
			);
			runOnlyForDeploymentPostprocessing = 0;
		};
/* End PBXResourcesBuildPhase section */

/* Begin PBXShellScriptBuildPhase section */
		25F5FADB0C59BC433C1174AE /* Check Pods Manifest.lock */ = {
			isa = PBXShellScriptBuildPhase;
			buildActionMask = 2147483647;
			files = (
			);
			inputPaths = (
			);
			name = "Check Pods Manifest.lock";
			outputPaths = (
			);
			runOnlyForDeploymentPostprocessing = 0;
			shellPath = /bin/sh;
			shellScript = "diff \"${PODS_ROOT}/../Podfile.lock\" \"${PODS_ROOT}/Manifest.lock\" > /dev/null\nif [[ $? != 0 ]] ; then\n    cat << EOM\nerror: The sandbox is not in sync with the Podfile.lock. Run 'pod install' or update your CocoaPods installation.\nEOM\n    exit 1\nfi\n";
			showEnvVarsInLog = 0;
		};
		745D8F0D256DD21CA49AED5E /* Copy Pods Resources */ = {
			isa = PBXShellScriptBuildPhase;
			buildActionMask = 2147483647;
			files = (
			);
			inputPaths = (
			);
			name = "Copy Pods Resources";
			outputPaths = (
			);
			runOnlyForDeploymentPostprocessing = 0;
			shellPath = /bin/sh;
			shellScript = "\"${SRCROOT}/Pods/Target Support Files/Pods-test_for_lols/Pods-test_for_lols-resources.sh\"\n";
			showEnvVarsInLog = 0;
		};
/* End PBXShellScriptBuildPhase section */

/* Begin PBXSourcesBuildPhase section */
		2E478D951B1BADF100424C66 /* Sources */ = {
			isa = PBXSourcesBuildPhase;
			buildActionMask = 2147483647;
			files = (
				2E478DA51B1BADF100424C66 /* ViewController.mm in Sources */,
				2E478DA21B1BADF100424C66 /* AppDelegate.m in Sources */,
				2E478D9F1B1BADF100424C66 /* main.m in Sources */,
			);
			runOnlyForDeploymentPostprocessing = 0;
		};
		2E478DAE1B1BADF100424C66 /* Sources */ = {
			isa = PBXSourcesBuildPhase;
			buildActionMask = 2147483647;
			files = (
				2E478DB91B1BADF100424C66 /* test_for_lolsTests.m in Sources */,
			);
			runOnlyForDeploymentPostprocessing = 0;
		};
/* End PBXSourcesBuildPhase section */

/* Begin PBXTargetDependency section */
		2E478DB41B1BADF100424C66 /* PBXTargetDependency */ = {
			isa = PBXTargetDependency;
			target = 2E478D981B1BADF100424C66 /* test_for_lols */;
			targetProxy = 2E478DB31B1BADF100424C66 /* PBXContainerItemProxy */;
		};
/* End PBXTargetDependency section */

/* Begin PBXVariantGroup section */
		2E478DAB1B1BADF100424C66 /* LaunchScreen.xib */ = {
			isa = PBXVariantGroup;
			children = (
				2E478DAC1B1BADF100424C66 /* Base */,
			);
			name = LaunchScreen.xib;
			sourceTree = "<group>";
		};
/* End PBXVariantGroup section */

/* Begin XCBuildConfiguration section */
		2E478DBA1B1BADF100424C66 /* Debug */ = {
			isa = XCBuildConfiguration;
			buildSettings = {
				ALWAYS_SEARCH_USER_PATHS = NO;
				CLANG_CXX_LANGUAGE_STANDARD = "gnu++0x";
				CLANG_CXX_LIBRARY = "libc++";
				CLANG_ENABLE_MODULES = YES;
				CLANG_ENABLE_OBJC_ARC = YES;
				CLANG_WARN_BOOL_CONVERSION = YES;
				CLANG_WARN_CONSTANT_CONVERSION = YES;
				CLANG_WARN_DIRECT_OBJC_ISA_USAGE = YES_ERROR;
				CLANG_WARN_EMPTY_BODY = YES;
				CLANG_WARN_ENUM_CONVERSION = YES;
				CLANG_WARN_INT_CONVERSION = YES;
				CLANG_WARN_OBJC_ROOT_CLASS = YES_ERROR;
				CLANG_WARN_UNREACHABLE_CODE = YES;
				CLANG_WARN__DUPLICATE_METHOD_MATCH = YES;
				"CODE_SIGN_IDENTITY[sdk=iphoneos*]" = "iPhone Developer";
				COPY_PHASE_STRIP = NO;
				DEBUG_INFORMATION_FORMAT = "dwarf-with-dsym";
				ENABLE_STRICT_OBJC_MSGSEND = YES;
				GCC_C_LANGUAGE_STANDARD = gnu99;
				GCC_DYNAMIC_NO_PIC = NO;
				GCC_NO_COMMON_BLOCKS = YES;
				GCC_OPTIMIZATION_LEVEL = 0;
				GCC_PREPROCESSOR_DEFINITIONS = (
					"DEBUG=1",
					"$(inherited)",
				);
				GCC_SYMBOLS_PRIVATE_EXTERN = NO;
				GCC_WARN_64_TO_32_BIT_CONVERSION = YES;
				GCC_WARN_ABOUT_RETURN_TYPE = YES_ERROR;
				GCC_WARN_UNDECLARED_SELECTOR = YES;
				GCC_WARN_UNINITIALIZED_AUTOS = YES_AGGRESSIVE;
				GCC_WARN_UNUSED_FUNCTION = YES;
				GCC_WARN_UNUSED_VARIABLE = YES;
				IPHONEOS_DEPLOYMENT_TARGET = 8.3;
				MTL_ENABLE_DEBUG_INFO = YES;
				ONLY_ACTIVE_ARCH = YES;
				OTHER_LDFLAGS = "$(inherited)";
				SDKROOT = iphoneos;
				TARGETED_DEVICE_FAMILY = "1,2";
			};
			name = Debug;
		};
		2E478DBB1B1BADF100424C66 /* Release */ = {
			isa = XCBuildConfiguration;
			buildSettings = {
				ALWAYS_SEARCH_USER_PATHS = NO;
				CLANG_CXX_LANGUAGE_STANDARD = "gnu++0x";
				CLANG_CXX_LIBRARY = "libc++";
				CLANG_ENABLE_MODULES = YES;
				CLANG_ENABLE_OBJC_ARC = YES;
				CLANG_WARN_BOOL_CONVERSION = YES;
				CLANG_WARN_CONSTANT_CONVERSION = YES;
				CLANG_WARN_DIRECT_OBJC_ISA_USAGE = YES_ERROR;
				CLANG_WARN_EMPTY_BODY = YES;
				CLANG_WARN_ENUM_CONVERSION = YES;
				CLANG_WARN_INT_CONVERSION = YES;
				CLANG_WARN_OBJC_ROOT_CLASS = YES_ERROR;
				CLANG_WARN_UNREACHABLE_CODE = YES;
				CLANG_WARN__DUPLICATE_METHOD_MATCH = YES;
				"CODE_SIGN_IDENTITY[sdk=iphoneos*]" = "iPhone Developer";
				COPY_PHASE_STRIP = NO;
				DEBUG_INFORMATION_FORMAT = "dwarf-with-dsym";
				ENABLE_NS_ASSERTIONS = NO;
				ENABLE_STRICT_OBJC_MSGSEND = YES;
				GCC_C_LANGUAGE_STANDARD = gnu99;
				GCC_NO_COMMON_BLOCKS = YES;
				GCC_WARN_64_TO_32_BIT_CONVERSION = YES;
				GCC_WARN_ABOUT_RETURN_TYPE = YES_ERROR;
				GCC_WARN_UNDECLARED_SELECTOR = YES;
				GCC_WARN_UNINITIALIZED_AUTOS = YES_AGGRESSIVE;
				GCC_WARN_UNUSED_FUNCTION = YES;
				GCC_WARN_UNUSED_VARIABLE = YES;
				IPHONEOS_DEPLOYMENT_TARGET = 8.3;
				MTL_ENABLE_DEBUG_INFO = NO;
				OTHER_LDFLAGS = "$(inherited)";
				SDKROOT = iphoneos;
				TARGETED_DEVICE_FAMILY = "1,2";
				VALIDATE_PRODUCT = YES;
			};
			name = Release;
		};
		2E478DBD1B1BADF100424C66 /* Debug */ = {
			isa = XCBuildConfiguration;
			baseConfigurationReference = 112FA5D7A7E947659795CE82 /* Pods-test_for_lols.debug.xcconfig */;
			buildSettings = {
				ASSETCATALOG_COMPILER_APPICON_NAME = AppIcon;
				CLANG_CXX_LIBRARY = "libc++";
				FRAMEWORK_SEARCH_PATHS = "$(inherited)";
				"FRAMEWORK_SEARCH_PATHS[arch=*]" = (
					"<Multiple",
					"values>",
					"$(inherited)",
				);
				INFOPLIST_FILE = test_for_lols/Info.plist;
				LD_RUNPATH_SEARCH_PATHS = "$(inherited) @executable_path/Frameworks";
				LIBRARY_SEARCH_PATHS = (
					"/Users/amandachan/mosh/**",
					/Users/amandachan/mosh/src/frontend,
					/Users/amandachan/mosh/src/crypto,
					/Users/amandachan/mosh/src/util,
					/Users/amandachan/mosh/src/terminal,
					/Users/amandachan/mosh/src/network,
					/Users/amandachan/mosh/src/statesync,
					"/Users/amandachan/build-protobuf/protobuf-2.6.0/lib",
					"$(PROJECT_DIR)/build-protobuf/protobuf-2.6.0/lib",
					"$(inherited)",
				);
				MACH_O_TYPE = mh_execute;
				OTHER_CPLUSPLUSFLAGS = (
					"$(OTHER_CFLAGS)",
					"-L",
				);
				OTHER_LDFLAGS = "$(inherited)";
				PRODUCT_NAME = "$(TARGET_NAME)";
				USER_HEADER_SEARCH_PATHS = "/Users/amandachan/mosh/** /Users/amandachan/Desktop/test_for_lols/build-protobuf/protobuf-2.6.0/include/**";
			};
			name = Debug;
		};
		2E478DBE1B1BADF100424C66 /* Release */ = {
			isa = XCBuildConfiguration;
			baseConfigurationReference = 4C9C8B28AA0DEA7E7B96F442 /* Pods-test_for_lols.release.xcconfig */;
			buildSettings = {
				ASSETCATALOG_COMPILER_APPICON_NAME = AppIcon;
				CLANG_CXX_LIBRARY = "libc++";
				FRAMEWORK_SEARCH_PATHS = (
					"<Multiple",
					"values>",
					"$(inherited)",
				);
				INFOPLIST_FILE = test_for_lols/Info.plist;
				LD_RUNPATH_SEARCH_PATHS = "$(inherited) @executable_path/Frameworks";
				LIBRARY_SEARCH_PATHS = (
					"/Users/amandachan/mosh/**",
					/Users/amandachan/mosh/src/frontend,
					/Users/amandachan/mosh/src/crypto,
					/Users/amandachan/mosh/src/util,
					/Users/amandachan/mosh/src/terminal,
					/Users/amandachan/mosh/src/network,
					/Users/amandachan/mosh/src/statesync,
					"/Users/amandachan/build-protobuf/protobuf-2.6.0/lib",
					"$(PROJECT_DIR)/build-protobuf/protobuf-2.6.0/lib",
					"$(inherited)",
				);
				MACH_O_TYPE = mh_execute;
				OTHER_CPLUSPLUSFLAGS = (
					"$(OTHER_CFLAGS)",
					"-L",
				);
				OTHER_LDFLAGS = "$(inherited)";
				PRODUCT_NAME = "$(TARGET_NAME)";
				USER_HEADER_SEARCH_PATHS = "/Users/amandachan/mosh/** /Users/amandachan/Desktop/test_for_lols/build-protobuf/protobuf-2.6.0/include/**";
			};
			name = Release;
		};
		2E478DC01B1BADF100424C66 /* Debug */ = {
			isa = XCBuildConfiguration;
			buildSettings = {
				BUNDLE_LOADER = "$(TEST_HOST)";
				FRAMEWORK_SEARCH_PATHS = (
					"<Multiple",
					"values>",
					"$(inherited)",
				);
				"FRAMEWORK_SEARCH_PATHS[arch=*]" = (
					"$(SDKROOT)/Developer/Library/Frameworks",
					"$(inherited)",
				);
				GCC_PREPROCESSOR_DEFINITIONS = (
					"DEBUG=1",
					"$(inherited)",
				);
				INFOPLIST_FILE = test_for_lolsTests/Info.plist;
				LD_RUNPATH_SEARCH_PATHS = "$(inherited) @executable_path/Frameworks @loader_path/Frameworks";
				PRODUCT_NAME = "$(TARGET_NAME)";
				TEST_HOST = "$(BUILT_PRODUCTS_DIR)/test_for_lols.app/test_for_lols";
			};
			name = Debug;
		};
		2E478DC11B1BADF100424C66 /* Release */ = {
			isa = XCBuildConfiguration;
			buildSettings = {
				BUNDLE_LOADER = "$(TEST_HOST)";
				FRAMEWORK_SEARCH_PATHS = (
					"<Multiple",
					"values>",
					"$(inherited)",
				);
				INFOPLIST_FILE = test_for_lolsTests/Info.plist;
				LD_RUNPATH_SEARCH_PATHS = "$(inherited) @executable_path/Frameworks @loader_path/Frameworks";
				PRODUCT_NAME = "$(TARGET_NAME)";
				TEST_HOST = "$(BUILT_PRODUCTS_DIR)/test_for_lols.app/test_for_lols";
			};
			name = Release;
		};
/* End XCBuildConfiguration section */

/* Begin XCConfigurationList section */
		2E478D941B1BADF100424C66 /* Build configuration list for PBXProject "test_for_lols" */ = {
			isa = XCConfigurationList;
			buildConfigurations = (
				2E478DBA1B1BADF100424C66 /* Debug */,
				2E478DBB1B1BADF100424C66 /* Release */,
			);
			defaultConfigurationIsVisible = 0;
			defaultConfigurationName = Release;
		};
		2E478DBC1B1BADF100424C66 /* Build configuration list for PBXNativeTarget "test_for_lols" */ = {
			isa = XCConfigurationList;
			buildConfigurations = (
				2E478DBD1B1BADF100424C66 /* Debug */,
				2E478DBE1B1BADF100424C66 /* Release */,
			);
			defaultConfigurationIsVisible = 0;
			defaultConfigurationName = Release;
		};
		2E478DBF1B1BADF100424C66 /* Build configuration list for PBXNativeTarget "test_for_lolsTests" */ = {
			isa = XCConfigurationList;
			buildConfigurations = (
				2E478DC01B1BADF100424C66 /* Debug */,
				2E478DC11B1BADF100424C66 /* Release */,
			);
			defaultConfigurationIsVisible = 0;
			defaultConfigurationName = Release;
		};
/* End XCConfigurationList section */
	};
	rootObject = 2E478D911B1BADF100424C66 /* Project object */;
}
